<?xml version="1.0" encoding="utf-8"?>
<Project ToolsVersion="4.0" xmlns="http://schemas.microsoft.com/developer/msbuild/2003">
  <ItemGroup>
    <Filter Include="Source Files">
      <UniqueIdentifier>{4FC737F1-C7A5-4376-A066-2A32D752A2FF}</UniqueIdentifier>
      <Extensions>cpp;c;cc;cxx;def;odl;idl;hpj;bat;asm;asmx</Extensions>
    </Filter>
    <Filter Include="Header Files">
      <UniqueIdentifier>{93995380-89BD-4b04-88EB-625FBE52EBFB}</UniqueIdentifier>
      <Extensions>h;hh;hpp;hxx;hm;inl;inc;xsd</Extensions>
    </Filter>
    <Filter Include="Resource Files">
      <UniqueIdentifier>{67DA6AB6-F800-4c08-8B7A-83BB121AAD01}</UniqueIdentifier>
      <Extensions>rc;ico;cur;bmp;dlg;rc2;rct;bin;rgs;gif;jpg;jpeg;jpe;resx;tiff;tif;png;wav;mfcribbon-ms</Extensions>
    </Filter>
    <Filter Include="Header Files\Character">
      <UniqueIdentifier>{ed388507-5ad0-4515-a27b-1d282dcc5a28}</UniqueIdentifier>
    </Filter>
    <Filter Include="Header Files\Dependency">
      <UniqueIdentifier>{fffdcbca-fb1f-4009-bbdd-70c0cd39297b}</UniqueIdentifier>
    </Filter>
    <Filter Include="Header Files\Dice">
      <UniqueIdentifier>{e97bf5ed-68aa-48f0-aa87-3396af604932}</UniqueIdentifier>
    </Filter>
    <Filter Include="Header Files\Item">
      <UniqueIdentifier>{54602fe6-acab-4778-9509-ada57fc0a03c}</UniqueIdentifier>
    </Filter>
    <Filter Include="Header Files\Map">
      <UniqueIdentifier>{817505ec-2cd9-4eee-844d-87854b823285}</UniqueIdentifier>
    </Filter>
    <Filter Include="Source Files\Character">
      <UniqueIdentifier>{81604d45-68a0-4302-bf11-ca20873bef22}</UniqueIdentifier>
    </Filter>
    <Filter Include="Source Files\Dice">
      <UniqueIdentifier>{d102f9d6-193f-4d2c-9516-233dbe43ff8f}</UniqueIdentifier>
    </Filter>
    <Filter Include="Source Files\Item">
      <UniqueIdentifier>{2f0fbd01-75f9-4e7d-8a15-c600d9bdf5dd}</UniqueIdentifier>
    </Filter>
    <Filter Include="Source Files\Map">
      <UniqueIdentifier>{304e47a2-0433-4f21-b067-f9c9b8f65954}</UniqueIdentifier>
    </Filter>
  </ItemGroup>
  <ItemGroup>
    <ClInclude Include="Character\AggressorStrategy.h">
      <Filter>Header Files\Character</Filter>
    </ClInclude>
    <ClInclude Include="Character\Character.h">
      <Filter>Header Files\Character</Filter>
    </ClInclude>
    <ClInclude Include="Character\CharacterAttr.h">
      <Filter>Header Files\Character</Filter>
    </ClInclude>
    <ClInclude Include="Character\CharacterBuilder.h">
      <Filter>Header Files\Character</Filter>
    </ClInclude>
    <ClInclude Include="Character\CharacterGenerator.h">
      <Filter>Header Files\Character</Filter>
    </ClInclude>
    <ClInclude Include="Character\CharacterStrategy.h">
      <Filter>Header Files\Character</Filter>
    </ClInclude>
    <ClInclude Include="Character\Fighter.h">
      <Filter>Header Files\Character</Filter>
    </ClInclude>
    <ClInclude Include="Character\FriendlyStrategy.h">
      <Filter>Header Files\Character</Filter>
    </ClInclude>
    <ClInclude Include="Character\HumanPlayerStrategy.h">
      <Filter>Header Files\Character</Filter>
    </ClInclude>
    <ClInclude Include="Character\Observer.h">
      <Filter>Header Files\Character</Filter>
    </ClInclude>
    <ClInclude Include="Character\Subject.h">
      <Filter>Header Files\Character</Filter>
    </ClInclude>
    <ClInclude Include="Dependency\json.hpp">
      <Filter>Header Files\Dependency</Filter>
    </ClInclude>
    <ClInclude Include="Dice\Dice.h">
      <Filter>Header Files\Dice</Filter>
    </ClInclude>
    <ClInclude Include="Item\Enhancement.h">
      <Filter>Header Files\Item</Filter>
    </ClInclude>
    <ClInclude Include="Item\Item.h">
      <Filter>Header Files\Item</Filter>
    </ClInclude>
    <ClInclude Include="Item\ItemContainer.h">
      <Filter>Header Files\Item</Filter>
    </ClInclude>
    <ClInclude Include="Map\Map.h">
      <Filter>Header Files\Map</Filter>
    </ClInclude>
    <ClInclude Include="Global.h">
      <Filter>Header Files</Filter>
    </ClInclude>
    <ClInclude Include="Item\ItemFileIO.h">
      <Filter>Header Files\Item</Filter>
    </ClInclude>
  </ItemGroup>
  <ItemGroup>
    <ClCompile Include="Character\AggressorStrategy.cpp">
      <Filter>Source Files\Character</Filter>
    </ClCompile>
    <ClCompile Include="Character\Character.cpp">
      <Filter>Source Files\Character</Filter>
    </ClCompile>
    <ClCompile Include="Character\CharacterAttr.cpp">
      <Filter>Source Files\Character</Filter>
    </ClCompile>
    <ClCompile Include="Character\CharacterBuilder.cpp">
      <Filter>Source Files\Character</Filter>
    </ClCompile>
    <ClCompile Include="Character\CharacterGenerator.cpp">
      <Filter>Source Files\Character</Filter>
    </ClCompile>
    <ClCompile Include="Character\CharacterStrategy.cpp">
      <Filter>Source Files\Character</Filter>
    </ClCompile>
    <ClCompile Include="Character\Fighter.cpp">
      <Filter>Source Files\Character</Filter>
    </ClCompile>
    <ClCompile Include="Character\FriendlyStrategy.cpp">
      <Filter>Source Files\Character</Filter>
    </ClCompile>
    <ClCompile Include="Character\HumanPlayerStrategy.cpp">
      <Filter>Source Files\Character</Filter>
    </ClCompile>
    <ClCompile Include="Character\Observer.cpp">
      <Filter>Source Files\Character</Filter>
    </ClCompile>
    <ClCompile Include="Character\Subject.cpp">
      <Filter>Source Files\Character</Filter>
    </ClCompile>
    <ClCompile Include="Dice\Dice.cpp">
      <Filter>Source Files\Dice</Filter>
    </ClCompile>
    <ClCompile Include="Item\Enhancement.cpp">
      <Filter>Source Files\Item</Filter>
    </ClCompile>
    <ClCompile Include="Item\Item.cpp">
      <Filter>Source Files\Item</Filter>
    </ClCompile>
    <ClCompile Include="Item\ItemContainer.cpp">
      <Filter>Source Files\Item</Filter>
    </ClCompile>
    <ClCompile Include="Map\Map.cpp">
      <Filter>Source Files\Map</Filter>
    </ClCompile>
    <ClCompile Include="Driver.cpp">
      <Filter>Source Files</Filter>
    </ClCompile>
    <ClCompile Include="Global.cpp">
      <Filter>Source Files</Filter>
    </ClCompile>
    <ClCompile Include="Item\ItemFileIO.cpp">
      <Filter>Source Files\Item</Filter>
    </ClCompile>
  </ItemGroup>
</Project>